
Microsoft Visual Studio Solution File, Format Version 12.00
# Visual Studio 14
VisualStudioVersion = 14.0.25123.0
MinimumVisualStudioVersion = 10.0.40219.1
Project("{75DA03E6-B47A-46C3-882D-FD046EDCAEDF}") = "Sitecore.Support.139171", "Sitecore.Support.139171\Sitecore.Support.139171.csproj", "{15C0ED0F-F676-400D-B054-0BC39FA0D7E7}"
EndProject
Global
	GlobalSection(SolutionConfigurationPlatforms) = preSolution
		Debug|Any CPU = Debug|Any CPU
		Release|Any CPU = Release|Any CPU
	EndGlobalSection
	GlobalSection(ProjectConfigurationPlatforms) = postSolution
		{15C0ED0F-F676-400D-B054-0BC39FA0D7E7}.Debug|Any CPU.ActiveCfg = Debug|Any CPU
		{15C0ED0F-F676-400D-B054-0BC39FA0D7E7}.Debug|Any CPU.Build.0 = Debug|Any CPU
		{15C0ED0F-F676-400D-B054-0BC39FA0D7E7}.Release|Any CPU.ActiveCfg = Release|Any CPU
		{15C0ED0F-F676-400D-B054-0BC39FA0D7E7}.Release|Any CPU.Build.0 = Release|Any CPU
	EndGlobalSection
	GlobalSection(SolutionProperties) = preSolution
		HideSolutionNode = FALSE
	EndGlobalSection
EndGlobal
